
Microsoft Visual Studio Solution File, Format Version 12.00
Project("{FAE04EC0-301F-11D3-BF4B-00C04F79EFBC}") = "ConsoleEngine", "ConsoleEngine\ConsoleEngine.csproj", "{928D538C-0B89-4A86-BEB3-DD8F3C5C394B}"
EndProject
Global
	GlobalSection(SolutionConfigurationPlatforms) = preSolution
		Debug|Any CPU = Debug|Any CPU
		Release|Any CPU = Release|Any CPU
	EndGlobalSection
	GlobalSection(ProjectConfigurationPlatforms) = postSolution
		{928D538C-0B89-4A86-BEB3-DD8F3C5C394B}.Debug|Any CPU.ActiveCfg = Debug|Any CPU
		{928D538C-0B89-4A86-BEB3-DD8F3C5C394B}.Debug|Any CPU.Build.0 = Debug|Any CPU
		{928D538C-0B89-4A86-BEB3-DD8F3C5C394B}.Release|Any CPU.ActiveCfg = Release|Any CPU
		{928D538C-0B89-4A86-BEB3-DD8F3C5C394B}.Release|Any CPU.Build.0 = Release|Any CPU
	EndGlobalSection
EndGlobal
